PODS:
  - PopoverBackgroundView (0.1.0)

DEPENDENCIES:
  - PopoverBackgroundView (from `../`)

EXTERNAL SOURCES:
  PopoverBackgroundView:
    :path: "../"

SPEC CHECKSUMS:
  PopoverBackgroundView: 7de381b911c127edc8db86de4572b8a716935646

PODFILE CHECKSUM: a209587854bc8e840d029b1a14f9c55d60237506

COCOAPODS: 1.5.3
